{
	"name": "master-ts",
	"version": "0.0.5",
	"lockfileVersion": 2,
	"requires": true,
	"packages": {
		"": {
			"name": "master-ts",
			"dependencies": {
				"master-ts-composition": "github:DeepDoge/master-ts-composition",
				"parse-literals": "^1.2.1"
			}
		},
		"node_modules/master-ts-composition": {
			"resolved": "git+ssh://git@github.com/DeepDoge/master-ts-composition.git#480c6f5cdc886415cf03cd7c7dc4bf7ac1574e61"
		},
		"node_modules/parse-literals": {
			"version": "1.2.1",
			"license": "MIT",
			"dependencies": {
				"typescript": "^2.9.2 || ^3.0.0 || ^4.0.0"
			}
		},
		"node_modules/typescript": {
			"version": "4.9.5",
			"license": "Apache-2.0",
			"bin": {
				"tsc": "bin/tsc",
				"tsserver": "bin/tsserver"
			},
			"engines": {
				"node": ">=4.2.0"
			}
		}
	},
	"dependencies": {
		"master-ts-composition": {
			"version": "git+ssh://git@github.com/DeepDoge/master-ts-composition.git#480c6f5cdc886415cf03cd7c7dc4bf7ac1574e61",
			"from": "master-ts-composition@github:DeepDoge/master-ts-composition"
		},
		"parse-literals": {
			"version": "1.2.1",
			"requires": {
				"typescript": "^2.9.2 || ^3.0.0 || ^4.0.0"
			}
		},
		"typescript": {
			"version": "4.9.5"
		}
	}
}
