{
	"name": "master-ts",
	"version": "1.0.0",
	"lockfileVersion": 2,
	"requires": true,
	"packages": {
		"": {
			"name": "master-ts",
			"version": "1.0.0",
			"dependencies": {
				"master-instancer": "github:DeepDoge/master-instancer"
			},
			"devDependencies": {
				"parse-literals": "^1.2.1"
			}
		},
		"node_modules/master-instancer": {
			"version": "1.0.0",
			"resolved": "git+ssh://git@github.com/DeepDoge/master-instancer.git#ddcae307ba3b8a552bb8a93ebbaf54a766d9ce9a"
		},
		"node_modules/parse-literals": {
			"version": "1.2.1",
			"resolved": "https://registry.npmjs.org/parse-literals/-/parse-literals-1.2.1.tgz",
			"integrity": "sha512-Ml0w104Ph2wwzuRdxrg9booVWsngXbB4bZ5T2z6WyF8b5oaNkUmBiDtahi34yUIpXD8Y13JjAK6UyIyApJ73RQ==",
			"dev": true,
			"dependencies": {
				"typescript": "^2.9.2 || ^3.0.0 || ^4.0.0"
			}
		},
		"node_modules/typescript": {
			"version": "4.9.5",
			"resolved": "https://registry.npmjs.org/typescript/-/typescript-4.9.5.tgz",
			"integrity": "sha512-1FXk9E2Hm+QzZQ7z+McJiHL4NW1F2EzMu9Nq9i3zAaGqibafqYwCVU6WyWAuyQRRzOlxou8xZSyXLEN8oKj24g==",
			"dev": true,
			"bin": {
				"tsc": "bin/tsc",
				"tsserver": "bin/tsserver"
			},
			"engines": {
				"node": ">=4.2.0"
			}
		}
	},
	"dependencies": {
		"master-instancer": {
			"version": "git+ssh://git@github.com/DeepDoge/master-instancer.git#ddcae307ba3b8a552bb8a93ebbaf54a766d9ce9a",
			"from": "master-instancer@github:DeepDoge/master-instancer"
		},
		"parse-literals": {
			"version": "1.2.1",
			"resolved": "https://registry.npmjs.org/parse-literals/-/parse-literals-1.2.1.tgz",
			"integrity": "sha512-Ml0w104Ph2wwzuRdxrg9booVWsngXbB4bZ5T2z6WyF8b5oaNkUmBiDtahi34yUIpXD8Y13JjAK6UyIyApJ73RQ==",
			"dev": true,
			"requires": {
				"typescript": "^2.9.2 || ^3.0.0 || ^4.0.0"
			}
		},
		"typescript": {
			"version": "4.9.5",
			"resolved": "https://registry.npmjs.org/typescript/-/typescript-4.9.5.tgz",
			"integrity": "sha512-1FXk9E2Hm+QzZQ7z+McJiHL4NW1F2EzMu9Nq9i3zAaGqibafqYwCVU6WyWAuyQRRzOlxou8xZSyXLEN8oKj24g==",
			"dev": true
		}
	}
}
