{
	"name": "master-ts",
	"version": "1.0.0",
	"lockfileVersion": 2,
	"requires": true,
	"packages": {
		"": {
			"name": "master-ts",
			"version": "1.0.0",
			"dependencies": {
				"master-instancer": "github:DeepDoge/master-instancer"
			}
		},
		"node_modules/master-instancer": {
			"version": "1.0.0",
			"resolved": "git+ssh://git@github.com/DeepDoge/master-instancer.git#ddcae307ba3b8a552bb8a93ebbaf54a766d9ce9a"
		}
	},
	"dependencies": {
		"master-instancer": {
			"version": "git+ssh://git@github.com/DeepDoge/master-instancer.git#ddcae307ba3b8a552bb8a93ebbaf54a766d9ce9a",
			"from": "master-instancer@github:DeepDoge/master-instancer"
		}
	}
}
